
Microsoft Visual Studio Solution File, Format Version 12.00
# Visual Studio 15
VisualStudioVersion = 15.0.28307.106
MinimumVisualStudioVersion = 10.0.40219.1
Project("{FAE04EC0-301F-11D3-BF4B-00C04F79EFBC}") = "EF_Relaciones", "EF_Relaciones\EF_Relaciones.csproj", "{D952BC85-F2B0-4F2F-BA67-31B4D9F74FF2}"
EndProject
Global
	GlobalSection(SolutionConfigurationPlatforms) = preSolution
		Debug|Any CPU = Debug|Any CPU
		Release|Any CPU = Release|Any CPU
	EndGlobalSection
	GlobalSection(ProjectConfigurationPlatforms) = postSolution
		{D952BC85-F2B0-4F2F-BA67-31B4D9F74FF2}.Debug|Any CPU.ActiveCfg = Debug|Any CPU
		{D952BC85-F2B0-4F2F-BA67-31B4D9F74FF2}.Debug|Any CPU.Build.0 = Debug|Any CPU
		{D952BC85-F2B0-4F2F-BA67-31B4D9F74FF2}.Release|Any CPU.ActiveCfg = Release|Any CPU
		{D952BC85-F2B0-4F2F-BA67-31B4D9F74FF2}.Release|Any CPU.Build.0 = Release|Any CPU
	EndGlobalSection
	GlobalSection(SolutionProperties) = preSolution
		HideSolutionNode = FALSE
	EndGlobalSection
	GlobalSection(ExtensibilityGlobals) = postSolution
		SolutionGuid = {C89F997A-530B-4638-96D0-632D8A07A3FF}
	EndGlobalSection
EndGlobal
