
Microsoft Visual Studio Solution File, Format Version 12.00
# Visual Studio 15
VisualStudioVersion = 15.0.28307.106
MinimumVisualStudioVersion = 10.0.40219.1
Project("{FAE04EC0-301F-11D3-BF4B-00C04F79EFBC}") = "cualquiera", "cualquiera\cualquiera.csproj", "{9644D7C5-218E-42B3-8D00-5A5F400138D4}"
EndProject
Global
	GlobalSection(SolutionConfigurationPlatforms) = preSolution
		Debug|Any CPU = Debug|Any CPU
		Release|Any CPU = Release|Any CPU
	EndGlobalSection
	GlobalSection(ProjectConfigurationPlatforms) = postSolution
		{9644D7C5-218E-42B3-8D00-5A5F400138D4}.Debug|Any CPU.ActiveCfg = Debug|Any CPU
		{9644D7C5-218E-42B3-8D00-5A5F400138D4}.Debug|Any CPU.Build.0 = Debug|Any CPU
		{9644D7C5-218E-42B3-8D00-5A5F400138D4}.Release|Any CPU.ActiveCfg = Release|Any CPU
		{9644D7C5-218E-42B3-8D00-5A5F400138D4}.Release|Any CPU.Build.0 = Release|Any CPU
	EndGlobalSection
	GlobalSection(SolutionProperties) = preSolution
		HideSolutionNode = FALSE
	EndGlobalSection
	GlobalSection(ExtensibilityGlobals) = postSolution
		SolutionGuid = {6768EB62-945B-413A-A8FA-3BDA8DF3AF9C}
	EndGlobalSection
EndGlobal
