
Microsoft Visual Studio Solution File, Format Version 12.00
# Visual Studio Version 16
VisualStudioVersion = 16.0.28803.352
MinimumVisualStudioVersion = 10.0.40219.1
Project("{FAE04EC0-301F-11D3-BF4B-00C04F79EFBC}") = "REpositoryDBLinq", "REpositoryDBLinq\REpositoryDBLinq.csproj", "{F5A0B666-3EB5-4E8B-9243-160F614C789E}"
EndProject
Global
	GlobalSection(SolutionConfigurationPlatforms) = preSolution
		Debug|Any CPU = Debug|Any CPU
		Release|Any CPU = Release|Any CPU
	EndGlobalSection
	GlobalSection(ProjectConfigurationPlatforms) = postSolution
		{F5A0B666-3EB5-4E8B-9243-160F614C789E}.Debug|Any CPU.ActiveCfg = Debug|Any CPU
		{F5A0B666-3EB5-4E8B-9243-160F614C789E}.Debug|Any CPU.Build.0 = Debug|Any CPU
		{F5A0B666-3EB5-4E8B-9243-160F614C789E}.Release|Any CPU.ActiveCfg = Release|Any CPU
		{F5A0B666-3EB5-4E8B-9243-160F614C789E}.Release|Any CPU.Build.0 = Release|Any CPU
	EndGlobalSection
	GlobalSection(SolutionProperties) = preSolution
		HideSolutionNode = FALSE
	EndGlobalSection
	GlobalSection(ExtensibilityGlobals) = postSolution
		SolutionGuid = {7C0C248B-52D1-44F6-8545-BB190A59C812}
	EndGlobalSection
EndGlobal
