
Microsoft Visual Studio Solution File, Format Version 12.00
# Visual Studio Version 16
VisualStudioVersion = 16.0.28803.452
MinimumVisualStudioVersion = 10.0.40219.1
Project("{FAE04EC0-301F-11D3-BF4B-00C04F79EFBC}") = "BikeStore", "BikeStore\BikeStore.csproj", "{8EF71A0F-8FA3-4B43-84E0-85B35CF02D05}"
EndProject
Global
	GlobalSection(SolutionConfigurationPlatforms) = preSolution
		Debug|Any CPU = Debug|Any CPU
		Release|Any CPU = Release|Any CPU
	EndGlobalSection
	GlobalSection(ProjectConfigurationPlatforms) = postSolution
		{8EF71A0F-8FA3-4B43-84E0-85B35CF02D05}.Debug|Any CPU.ActiveCfg = Debug|Any CPU
		{8EF71A0F-8FA3-4B43-84E0-85B35CF02D05}.Debug|Any CPU.Build.0 = Debug|Any CPU
		{8EF71A0F-8FA3-4B43-84E0-85B35CF02D05}.Release|Any CPU.ActiveCfg = Release|Any CPU
		{8EF71A0F-8FA3-4B43-84E0-85B35CF02D05}.Release|Any CPU.Build.0 = Release|Any CPU
	EndGlobalSection
	GlobalSection(SolutionProperties) = preSolution
		HideSolutionNode = FALSE
	EndGlobalSection
	GlobalSection(ExtensibilityGlobals) = postSolution
		SolutionGuid = {77088FDE-02E3-49F4-AF03-B5CB8F60E07F}
	EndGlobalSection
EndGlobal
