
Microsoft Visual Studio Solution File, Format Version 12.00
# Visual Studio 15
VisualStudioVersion = 15.0.28307.106
MinimumVisualStudioVersion = 10.0.40219.1
Project("{FAE04EC0-301F-11D3-BF4B-00C04F79EFBC}") = "Persona", "Persona\Persona.csproj", "{6232F84D-5575-4062-9FA7-73E75CC82FAA}"
EndProject
Global
	GlobalSection(SolutionConfigurationPlatforms) = preSolution
		Debug|Any CPU = Debug|Any CPU
		Release|Any CPU = Release|Any CPU
	EndGlobalSection
	GlobalSection(ProjectConfigurationPlatforms) = postSolution
		{6232F84D-5575-4062-9FA7-73E75CC82FAA}.Debug|Any CPU.ActiveCfg = Debug|Any CPU
		{6232F84D-5575-4062-9FA7-73E75CC82FAA}.Debug|Any CPU.Build.0 = Debug|Any CPU
		{6232F84D-5575-4062-9FA7-73E75CC82FAA}.Release|Any CPU.ActiveCfg = Release|Any CPU
		{6232F84D-5575-4062-9FA7-73E75CC82FAA}.Release|Any CPU.Build.0 = Release|Any CPU
	EndGlobalSection
	GlobalSection(SolutionProperties) = preSolution
		HideSolutionNode = FALSE
	EndGlobalSection
	GlobalSection(ExtensibilityGlobals) = postSolution
		SolutionGuid = {A7164E4C-E04F-43C5-83F8-E11920A70FC1}
	EndGlobalSection
EndGlobal
