
Microsoft Visual Studio Solution File, Format Version 12.00
# Visual Studio 15
VisualStudioVersion = 15.0.28307.106
MinimumVisualStudioVersion = 10.0.40219.1
Project("{FAE04EC0-301F-11D3-BF4B-00C04F79EFBC}") = "conexion", "conexion\conexion.csproj", "{7C395DA6-B36B-4656-A8AA-5586FF6D2BFC}"
EndProject
Global
	GlobalSection(SolutionConfigurationPlatforms) = preSolution
		Debug|Any CPU = Debug|Any CPU
		Release|Any CPU = Release|Any CPU
	EndGlobalSection
	GlobalSection(ProjectConfigurationPlatforms) = postSolution
		{7C395DA6-B36B-4656-A8AA-5586FF6D2BFC}.Debug|Any CPU.ActiveCfg = Debug|Any CPU
		{7C395DA6-B36B-4656-A8AA-5586FF6D2BFC}.Debug|Any CPU.Build.0 = Debug|Any CPU
		{7C395DA6-B36B-4656-A8AA-5586FF6D2BFC}.Release|Any CPU.ActiveCfg = Release|Any CPU
		{7C395DA6-B36B-4656-A8AA-5586FF6D2BFC}.Release|Any CPU.Build.0 = Release|Any CPU
	EndGlobalSection
	GlobalSection(SolutionProperties) = preSolution
		HideSolutionNode = FALSE
	EndGlobalSection
	GlobalSection(ExtensibilityGlobals) = postSolution
		SolutionGuid = {A9D038B2-1B03-439F-A919-85CD6E8D9F55}
	EndGlobalSection
EndGlobal
