
Microsoft Visual Studio Solution File, Format Version 12.00
# Visual Studio Version 16
VisualStudioVersion = 16.0.28803.352
MinimumVisualStudioVersion = 10.0.40219.1
Project("{FAE04EC0-301F-11D3-BF4B-00C04F79EFBC}") = "AuthenticationJWT1", "AuthenticationJWT1\AuthenticationJWT1.csproj", "{4F2A054C-BD0E-471F-BD53-AF23D9B5AA4B}"
EndProject
Global
	GlobalSection(SolutionConfigurationPlatforms) = preSolution
		Debug|Any CPU = Debug|Any CPU
		Release|Any CPU = Release|Any CPU
	EndGlobalSection
	GlobalSection(ProjectConfigurationPlatforms) = postSolution
		{4F2A054C-BD0E-471F-BD53-AF23D9B5AA4B}.Debug|Any CPU.ActiveCfg = Debug|Any CPU
		{4F2A054C-BD0E-471F-BD53-AF23D9B5AA4B}.Debug|Any CPU.Build.0 = Debug|Any CPU
		{4F2A054C-BD0E-471F-BD53-AF23D9B5AA4B}.Release|Any CPU.ActiveCfg = Release|Any CPU
		{4F2A054C-BD0E-471F-BD53-AF23D9B5AA4B}.Release|Any CPU.Build.0 = Release|Any CPU
	EndGlobalSection
	GlobalSection(SolutionProperties) = preSolution
		HideSolutionNode = FALSE
	EndGlobalSection
	GlobalSection(ExtensibilityGlobals) = postSolution
		SolutionGuid = {E447608D-90A0-4927-93D8-0F51F9063164}
	EndGlobalSection
EndGlobal
