
Microsoft Visual Studio Solution File, Format Version 12.00
# Visual Studio Version 16
VisualStudioVersion = 16.0.28803.352
MinimumVisualStudioVersion = 10.0.40219.1
Project("{FAE04EC0-301F-11D3-BF4B-00C04F79EFBC}") = "AuthenticationJWT", "AuthenticationJWT\AuthenticationJWT.csproj", "{24F86134-EA9D-461A-89DB-714E4C878EE5}"
EndProject
Global
	GlobalSection(SolutionConfigurationPlatforms) = preSolution
		Debug|Any CPU = Debug|Any CPU
		Release|Any CPU = Release|Any CPU
	EndGlobalSection
	GlobalSection(ProjectConfigurationPlatforms) = postSolution
		{24F86134-EA9D-461A-89DB-714E4C878EE5}.Debug|Any CPU.ActiveCfg = Debug|Any CPU
		{24F86134-EA9D-461A-89DB-714E4C878EE5}.Debug|Any CPU.Build.0 = Debug|Any CPU
		{24F86134-EA9D-461A-89DB-714E4C878EE5}.Release|Any CPU.ActiveCfg = Release|Any CPU
		{24F86134-EA9D-461A-89DB-714E4C878EE5}.Release|Any CPU.Build.0 = Release|Any CPU
	EndGlobalSection
	GlobalSection(SolutionProperties) = preSolution
		HideSolutionNode = FALSE
	EndGlobalSection
	GlobalSection(ExtensibilityGlobals) = postSolution
		SolutionGuid = {5C8F53E8-7A3E-49D2-9BC1-F29DF7656E61}
	EndGlobalSection
EndGlobal
